// !$*UTF8*$!
{
	archiveVersion = 1;
	classes = {
	};
	objectVersion = 56;
	objects = {

/* Begin PBXBuildFile section */
		EB30D1702BE0F4980036FB7E /* FrenchCardsApp.swift in Sources */ = {isa = PBXBuildFile; fileRef = EB30D16F2BE0F4980036FB7E /* FrenchCardsApp.swift */; };
		EB30D1722BE0F4980036FB7E /* ContentView.swift in Sources */ = {isa = PBXBuildFile; fileRef = EB30D1712BE0F4980036FB7E /* ContentView.swift */; };
		EB30D1742BE0F49A0036FB7E /* Assets.xcassets in Resources */ = {isa = PBXBuildFile; fileRef = EB30D1732BE0F49A0036FB7E /* Assets.xcassets */; };
		EB30D1772BE0F49A0036FB7E /* Preview Assets.xcassets in Resources */ = {isa = PBXBuildFile; fileRef = EB30D1762BE0F49A0036FB7E /* Preview Assets.xcassets */; };
		EB30D18C2BE0F9030036FB7E /* FlashcardsView.swift in Sources */ = {isa = PBXBuildFile; fileRef = EB30D18B2BE0F9030036FB7E /* FlashcardsView.swift */; };
		EB30D18E2BE0F9190036FB7E /* CreateFlashcardView.swift in Sources */ = {isa = PBXBuildFile; fileRef = EB30D18D2BE0F9190036FB7E /* CreateFlashcardView.swift */; };
		EB30D1902BE0F93C0036FB7E /* LearnView.swift in Sources */ = {isa = PBXBuildFile; fileRef = EB30D18F2BE0F93C0036FB7E /* LearnView.swift */; };
		EB30D1932BE0FA700036FB7E /* Flashcard.swift in Sources */ = {isa = PBXBuildFile; fileRef = EB30D1922BE0FA700036FB7E /* Flashcard.swift */; };
		EB30D1972BE181AC0036FB7E /* DiscoverView.swift in Sources */ = {isa = PBXBuildFile; fileRef = EB30D1962BE181AB0036FB7E /* DiscoverView.swift */; };
/* End PBXBuildFile section */

/* Begin PBXFileReference section */
		EB30D16C2BE0F4980036FB7E /* FrenchCards.app */ = {isa = PBXFileReference; explicitFileType = wrapper.application; includeInIndex = 0; path = FrenchCards.app; sourceTree = BUILT_PRODUCTS_DIR; };
		EB30D16F2BE0F4980036FB7E /* FrenchCardsApp.swift */ = {isa = PBXFileReference; lastKnownFileType = sourcecode.swift; path = FrenchCardsApp.swift; sourceTree = "<group>"; };
		EB30D1712BE0F4980036FB7E /* ContentView.swift */ = {isa = PBXFileReference; lastKnownFileType = sourcecode.swift; path = ContentView.swift; sourceTree = "<group>"; };
		EB30D1732BE0F49A0036FB7E /* Assets.xcassets */ = {isa = PBXFileReference; lastKnownFileType = folder.assetcatalog; path = Assets.xcassets; sourceTree = "<group>"; };
		EB30D1762BE0F49A0036FB7E /* Preview Assets.xcassets */ = {isa = PBXFileReference; lastKnownFileType = folder.assetcatalog; path = "Preview Assets.xcassets"; sourceTree = "<group>"; };
		EB30D18B2BE0F9030036FB7E /* FlashcardsView.swift */ = {isa = PBXFileReference; lastKnownFileType = sourcecode.swift; path = FlashcardsView.swift; sourceTree = "<group>"; };
		EB30D18D2BE0F9190036FB7E /* CreateFlashcardView.swift */ = {isa = PBXFileReference; lastKnownFileType = sourcecode.swift; path = CreateFlashcardView.swift; sourceTree = "<group>"; };
		EB30D18F2BE0F93C0036FB7E /* LearnView.swift */ = {isa = PBXFileReference; lastKnownFileType = sourcecode.swift; path = LearnView.swift; sourceTree = "<group>"; };
		EB30D1922BE0FA700036FB7E /* Flashcard.swift */ = {isa = PBXFileReference; lastKnownFileType = sourcecode.swift; path = Flashcard.swift; sourceTree = "<group>"; };
		EB30D1962BE181AB0036FB7E /* DiscoverView.swift */ = {isa = PBXFileReference; lastKnownFileType = sourcecode.swift; path = DiscoverView.swift; sourceTree = "<group>"; };
/* End PBXFileReference section */

/* Begin PBXFrameworksBuildPhase section */
		EB30D1692BE0F4980036FB7E /* Frameworks */ = {
			isa = PBXFrameworksBuildPhase;
			buildActionMask = 2147483647;
			files = (
			);
			runOnlyForDeploymentPostprocessing = 0;
		};
/* End PBXFrameworksBuildPhase section */

/* Begin PBXGroup section */
		EB30D1632BE0F4980036FB7E = {
			isa = PBXGroup;
			children = (
				EB30D16E2BE0F4980036FB7E /* FrenchCards */,
				EB30D16D2BE0F4980036FB7E /* Products */,
			);
			sourceTree = "<group>";
		};
		EB30D16D2BE0F4980036FB7E /* Products */ = {
			isa = PBXGroup;
			children = (
				EB30D16C2BE0F4980036FB7E /* FrenchCards.app */,
			);
			name = Products;
			sourceTree = "<group>";
		};
		EB30D16E2BE0F4980036FB7E /* FrenchCards */ = {
			isa = PBXGroup;
			children = (
				EB30D1912BE0FA670036FB7E /* Models */,
				EB30D1882BE0F8260036FB7E /* Views */,
				EB30D16F2BE0F4980036FB7E /* FrenchCardsApp.swift */,
				EB30D1712BE0F4980036FB7E /* ContentView.swift */,
				EB30D1732BE0F49A0036FB7E /* Assets.xcassets */,
				EB30D1752BE0F49A0036FB7E /* Preview Content */,
			);
			path = FrenchCards;
			sourceTree = "<group>";
		};
		EB30D1752BE0F49A0036FB7E /* Preview Content */ = {
			isa = PBXGroup;
			children = (
				EB30D1762BE0F49A0036FB7E /* Preview Assets.xcassets */,
			);
			path = "Preview Content";
			sourceTree = "<group>";
		};
		EB30D1882BE0F8260036FB7E /* Views */ = {
			isa = PBXGroup;
			children = (
				EB30D18B2BE0F9030036FB7E /* FlashcardsView.swift */,
				EB30D18D2BE0F9190036FB7E /* CreateFlashcardView.swift */,
				EB30D18F2BE0F93C0036FB7E /* LearnView.swift */,
				EB30D1962BE181AB0036FB7E /* DiscoverView.swift */,
			);
			path = Views;
			sourceTree = "<group>";
		};
		EB30D1912BE0FA670036FB7E /* Models */ = {
			isa = PBXGroup;
			children = (
				EB30D1922BE0FA700036FB7E /* Flashcard.swift */,
			);
			path = Models;
			sourceTree = "<group>";
		};
/* End PBXGroup section */

/* Begin PBXNativeTarget section */
		EB30D16B2BE0F4980036FB7E /* FrenchCards */ = {
			isa = PBXNativeTarget;
			buildConfigurationList = EB30D17A2BE0F49A0036FB7E /* Build configuration list for PBXNativeTarget "FrenchCards" */;
			buildPhases = (
				EB30D1682BE0F4980036FB7E /* Sources */,
				EB30D1692BE0F4980036FB7E /* Frameworks */,
				EB30D16A2BE0F4980036FB7E /* Resources */,
			);
			buildRules = (
			);
			dependencies = (
			);
			name = FrenchCards;
			productName = FrenchCards;
			productReference = EB30D16C2BE0F4980036FB7E /* FrenchCards.app */;
			productType = "com.apple.product-type.application";
		};
/* End PBXNativeTarget section */

/* Begin PBXProject section */
		EB30D1642BE0F4980036FB7E /* Project object */ = {
			isa = PBXProject;
			attributes = {
				BuildIndependentTargetsInParallel = 1;
				LastSwiftUpdateCheck = 1530;
				LastUpgradeCheck = 1530;
				TargetAttributes = {
					EB30D16B2BE0F4980036FB7E = {
						CreatedOnToolsVersion = 15.3;
					};
				};
			};
			buildConfigurationList = EB30D1672BE0F4980036FB7E /* Build configuration list for PBXProject "FrenchCards" */;
			compatibilityVersion = "Xcode 14.0";
			developmentRegion = en;
			hasScannedForEncodings = 0;
			knownRegions = (
				en,
				Base,
			);
			mainGroup = EB30D1632BE0F4980036FB7E;
			productRefGroup = EB30D16D2BE0F4980036FB7E /* Products */;
			projectDirPath = "";
			projectRoot = "";
			targets = (
				EB30D16B2BE0F4980036FB7E /* FrenchCards */,
			);
		};
/* End PBXProject section */

/* Begin PBXResourcesBuildPhase section */
		EB30D16A2BE0F4980036FB7E /* Resources */ = {
			isa = PBXResourcesBuildPhase;
			buildActionMask = 2147483647;
			files = (
				EB30D1772BE0F49A0036FB7E /* Preview Assets.xcassets in Resources */,
				EB30D1742BE0F49A0036FB7E /* Assets.xcassets in Resources */,
			);
			runOnlyForDeploymentPostprocessing = 0;
		};
/* End PBXResourcesBuildPhase section */

/* Begin PBXSourcesBuildPhase section */
		EB30D1682BE0F4980036FB7E /* Sources */ = {
			isa = PBXSourcesBuildPhase;
			buildActionMask = 2147483647;
			files = (
				EB30D1932BE0FA700036FB7E /* Flashcard.swift in Sources */,
				EB30D1902BE0F93C0036FB7E /* LearnView.swift in Sources */,
				EB30D18C2BE0F9030036FB7E /* FlashcardsView.swift in Sources */,
				EB30D1722BE0F4980036FB7E /* ContentView.swift in Sources */,
				EB30D1972BE181AC0036FB7E /* DiscoverView.swift in Sources */,
				EB30D1702BE0F4980036FB7E /* FrenchCardsApp.swift in Sources */,
				EB30D18E2BE0F9190036FB7E /* CreateFlashcardView.swift in Sources */,
			);
			runOnlyForDeploymentPostprocessing = 0;
		};
/* End PBXSourcesBuildPhase section */

/* Begin XCBuildConfiguration section */
		EB30D1782BE0F49A0036FB7E /* Debug */ = {
			isa = XCBuildConfiguration;
			buildSettings = {
				ALWAYS_SEARCH_USER_PATHS = NO;
				ASSETCATALOG_COMPILER_GENERATE_SWIFT_ASSET_SYMBOL_EXTENSIONS = YES;
				CLANG_ANALYZER_NONNULL = YES;
				CLANG_ANALYZER_NUMBER_OBJECT_CONVERSION = YES_AGGRESSIVE;
				CLANG_CXX_LANGUAGE_STANDARD = "gnu++20";
				CLANG_ENABLE_MODULES = YES;
				CLANG_ENABLE_OBJC_ARC = YES;
				CLANG_ENABLE_OBJC_WEAK = YES;
				CLANG_WARN_BLOCK_CAPTURE_AUTORELEASING = YES;
				CLANG_WARN_BOOL_CONVERSION = YES;
				CLANG_WARN_COMMA = YES;
				CLANG_WARN_CONSTANT_CONVERSION = YES;
				CLANG_WARN_DEPRECATED_OBJC_IMPLEMENTATIONS = YES;
				CLANG_WARN_DIRECT_OBJC_ISA_USAGE = YES_ERROR;
				CLANG_WARN_DOCUMENTATION_COMMENTS = YES;
				CLANG_WARN_EMPTY_BODY = YES;
				CLANG_WARN_ENUM_CONVERSION = YES;
				CLANG_WARN_INFINITE_RECURSION = YES;
				CLANG_WARN_INT_CONVERSION = YES;
				CLANG_WARN_NON_LITERAL_NULL_CONVERSION = YES;
				CLANG_WARN_OBJC_IMPLICIT_RETAIN_SELF = YES;
				CLANG_WARN_OBJC_LITERAL_CONVERSION = YES;
				CLANG_WARN_OBJC_ROOT_CLASS = YES_ERROR;
				CLANG_WARN_QUOTED_INCLUDE_IN_FRAMEWORK_HEADER = YES;
				CLANG_WARN_RANGE_LOOP_ANALYSIS = YES;
				CLANG_WARN_STRICT_PROTOTYPES = YES;
				CLANG_WARN_SUSPICIOUS_MOVE = YES;
				CLANG_WARN_UNGUARDED_AVAILABILITY = YES_AGGRESSIVE;
				CLANG_WARN_UNREACHABLE_CODE = YES;
				CLANG_WARN__DUPLICATE_METHOD_MATCH = YES;
				COPY_PHASE_STRIP = NO;
				DEBUG_INFORMATION_FORMAT = dwarf;
				ENABLE_STRICT_OBJC_MSGSEND = YES;
				ENABLE_TESTABILITY = YES;
				ENABLE_USER_SCRIPT_SANDBOXING = YES;
				GCC_C_LANGUAGE_STANDARD = gnu17;
				GCC_DYNAMIC_NO_PIC = NO;
				GCC_NO_COMMON_BLOCKS = YES;
				GCC_OPTIMIZATION_LEVEL = 0;
				GCC_PREPROCESSOR_DEFINITIONS = (
					"DEBUG=1",
					"$(inherited)",
				);
				GCC_WARN_64_TO_32_BIT_CONVERSION = YES;
				GCC_WARN_ABOUT_RETURN_TYPE = YES_ERROR;
				GCC_WARN_UNDECLARED_SELECTOR = YES;
				GCC_WARN_UNINITIALIZED_AUTOS = YES_AGGRESSIVE;
				GCC_WARN_UNUSED_FUNCTION = YES;
				GCC_WARN_UNUSED_VARIABLE = YES;
				IPHONEOS_DEPLOYMENT_TARGET = 17.4;
				LOCALIZATION_PREFERS_STRING_CATALOGS = YES;
				MTL_ENABLE_DEBUG_INFO = INCLUDE_SOURCE;
				MTL_FAST_MATH = YES;
				ONLY_ACTIVE_ARCH = YES;
				SDKROOT = iphoneos;
				SWIFT_ACTIVE_COMPILATION_CONDITIONS = "DEBUG $(inherited)";
				SWIFT_OPTIMIZATION_LEVEL = "-Onone";
			};
			name = Debug;
		};
		EB30D1792BE0F49A0036FB7E /* Release */ = {
			isa = XCBuildConfiguration;
			buildSettings = {
				ALWAYS_SEARCH_USER_PATHS = NO;
				ASSETCATALOG_COMPILER_GENERATE_SWIFT_ASSET_SYMBOL_EXTENSIONS = YES;
				CLANG_ANALYZER_NONNULL = YES;
				CLANG_ANALYZER_NUMBER_OBJECT_CONVERSION = YES_AGGRESSIVE;
				CLANG_CXX_LANGUAGE_STANDARD = "gnu++20";
				CLANG_ENABLE_MODULES = YES;
				CLANG_ENABLE_OBJC_ARC = YES;
				CLANG_ENABLE_OBJC_WEAK = YES;
				CLANG_WARN_BLOCK_CAPTURE_AUTORELEASING = YES;
				CLANG_WARN_BOOL_CONVERSION = YES;
				CLANG_WARN_COMMA = YES;
				CLANG_WARN_CONSTANT_CONVERSION = YES;
				CLANG_WARN_DEPRECATED_OBJC_IMPLEMENTATIONS = YES;
				CLANG_WARN_DIRECT_OBJC_ISA_USAGE = YES_ERROR;
				CLANG_WARN_DOCUMENTATION_COMMENTS = YES;
				CLANG_WARN_EMPTY_BODY = YES;
				CLANG_WARN_ENUM_CONVERSION = YES;
				CLANG_WARN_INFINITE_RECURSION = YES;
				CLANG_WARN_INT_CONVERSION = YES;
				CLANG_WARN_NON_LITERAL_NULL_CONVERSION = YES;
				CLANG_WARN_OBJC_IMPLICIT_RETAIN_SELF = YES;
				CLANG_WARN_OBJC_LITERAL_CONVERSION = YES;
				CLANG_WARN_OBJC_ROOT_CLASS = YES_ERROR;
				CLANG_WARN_QUOTED_INCLUDE_IN_FRAMEWORK_HEADER = YES;
				CLANG_WARN_RANGE_LOOP_ANALYSIS = YES;
				CLANG_WARN_STRICT_PROTOTYPES = YES;
				CLANG_WARN_SUSPICIOUS_MOVE = YES;
				CLANG_WARN_UNGUARDED_AVAILABILITY = YES_AGGRESSIVE;
				CLANG_WARN_UNREACHABLE_CODE = YES;
				CLANG_WARN__DUPLICATE_METHOD_MATCH = YES;
				COPY_PHASE_STRIP = NO;
				DEBUG_INFORMATION_FORMAT = "dwarf-with-dsym";
				ENABLE_NS_ASSERTIONS = NO;
				ENABLE_STRICT_OBJC_MSGSEND = YES;
				ENABLE_USER_SCRIPT_SANDBOXING = YES;
				GCC_C_LANGUAGE_STANDARD = gnu17;
				GCC_NO_COMMON_BLOCKS = YES;
				GCC_WARN_64_TO_32_BIT_CONVERSION = YES;
				GCC_WARN_ABOUT_RETURN_TYPE = YES_ERROR;
				GCC_WARN_UNDECLARED_SELECTOR = YES;
				GCC_WARN_UNINITIALIZED_AUTOS = YES_AGGRESSIVE;
				GCC_WARN_UNUSED_FUNCTION = YES;
				GCC_WARN_UNUSED_VARIABLE = YES;
				IPHONEOS_DEPLOYMENT_TARGET = 17.4;
				LOCALIZATION_PREFERS_STRING_CATALOGS = YES;
				MTL_ENABLE_DEBUG_INFO = NO;
				MTL_FAST_MATH = YES;
				SDKROOT = iphoneos;
				SWIFT_COMPILATION_MODE = wholemodule;
				VALIDATE_PRODUCT = YES;
			};
			name = Release;
		};
		EB30D17B2BE0F49A0036FB7E /* Debug */ = {
			isa = XCBuildConfiguration;
			buildSettings = {
				ASSETCATALOG_COMPILER_APPICON_NAME = AppIcon;
				ASSETCATALOG_COMPILER_GLOBAL_ACCENT_COLOR_NAME = AccentColor;
				CODE_SIGN_STYLE = Automatic;
				CURRENT_PROJECT_VERSION = 1;
				DEVELOPMENT_ASSET_PATHS = "\"FrenchCards/Preview Content\"";
				DEVELOPMENT_TEAM = 3B774A48BY;
				ENABLE_PREVIEWS = YES;
				GENERATE_INFOPLIST_FILE = YES;
				INFOPLIST_KEY_UIApplicationSceneManifest_Generation = YES;
				INFOPLIST_KEY_UIApplicationSupportsIndirectInputEvents = YES;
				INFOPLIST_KEY_UILaunchScreen_Generation = YES;
				INFOPLIST_KEY_UISupportedInterfaceOrientations_iPad = "UIInterfaceOrientationPortrait UIInterfaceOrientationPortraitUpsideDown UIInterfaceOrientationLandscapeLeft UIInterfaceOrientationLandscapeRight";
				INFOPLIST_KEY_UISupportedInterfaceOrientations_iPhone = "UIInterfaceOrientationPortrait UIInterfaceOrientationLandscapeLeft UIInterfaceOrientationLandscapeRight";
				LD_RUNPATH_SEARCH_PATHS = (
					"$(inherited)",
					"@executable_path/Frameworks",
				);
				MARKETING_VERSION = 1.0;
				PRODUCT_BUNDLE_IDENTIFIER = com.baranskas.FrenchCards;
				PRODUCT_NAME = "$(TARGET_NAME)";
				SWIFT_EMIT_LOC_STRINGS = YES;
				SWIFT_VERSION = 5.0;
				TARGETED_DEVICE_FAMILY = "1,2";
			};
			name = Debug;
		};
		EB30D17C2BE0F49A0036FB7E /* Release */ = {
			isa = XCBuildConfiguration;
			buildSettings = {
				ASSETCATALOG_COMPILER_APPICON_NAME = AppIcon;
				ASSETCATALOG_COMPILER_GLOBAL_ACCENT_COLOR_NAME = AccentColor;
				CODE_SIGN_STYLE = Automatic;
				CURRENT_PROJECT_VERSION = 1;
				DEVELOPMENT_ASSET_PATHS = "\"FrenchCards/Preview Content\"";
				DEVELOPMENT_TEAM = 3B774A48BY;
				ENABLE_PREVIEWS = YES;
				GENERATE_INFOPLIST_FILE = YES;
				INFOPLIST_KEY_UIApplicationSceneManifest_Generation = YES;
				INFOPLIST_KEY_UIApplicationSupportsIndirectInputEvents = YES;
				INFOPLIST_KEY_UILaunchScreen_Generation = YES;
				INFOPLIST_KEY_UISupportedInterfaceOrientations_iPad = "UIInterfaceOrientationPortrait UIInterfaceOrientationPortraitUpsideDown UIInterfaceOrientationLandscapeLeft UIInterfaceOrientationLandscapeRight";
				INFOPLIST_KEY_UISupportedInterfaceOrientations_iPhone = "UIInterfaceOrientationPortrait UIInterfaceOrientationLandscapeLeft UIInterfaceOrientationLandscapeRight";
				LD_RUNPATH_SEARCH_PATHS = (
					"$(inherited)",
					"@executable_path/Frameworks",
				);
				MARKETING_VERSION = 1.0;
				PRODUCT_BUNDLE_IDENTIFIER = com.baranskas.FrenchCards;
				PRODUCT_NAME = "$(TARGET_NAME)";
				SWIFT_EMIT_LOC_STRINGS = YES;
				SWIFT_VERSION = 5.0;
				TARGETED_DEVICE_FAMILY = "1,2";
			};
			name = Release;
		};
/* End XCBuildConfiguration section */

/* Begin XCConfigurationList section */
		EB30D1672BE0F4980036FB7E /* Build configuration list for PBXProject "FrenchCards" */ = {
			isa = XCConfigurationList;
			buildConfigurations = (
				EB30D1782BE0F49A0036FB7E /* Debug */,
				EB30D1792BE0F49A0036FB7E /* Release */,
			);
			defaultConfigurationIsVisible = 0;
			defaultConfigurationName = Release;
		};
		EB30D17A2BE0F49A0036FB7E /* Build configuration list for PBXNativeTarget "FrenchCards" */ = {
			isa = XCConfigurationList;
			buildConfigurations = (
				EB30D17B2BE0F49A0036FB7E /* Debug */,
				EB30D17C2BE0F49A0036FB7E /* Release */,
			);
			defaultConfigurationIsVisible = 0;
			defaultConfigurationName = Release;
		};
/* End XCConfigurationList section */
	};
	rootObject = EB30D1642BE0F4980036FB7E /* Project object */;
}
